
Microsoft Visual Studio Solution File, Format Version 12.00
# Visual Studio 2012
Project("{FAE04EC0-301F-11D3-BF4B-00C04F79EFBC}") = "kPalindrome", "kPalindrome\kPalindrome.csproj", "{27FE62CA-44A0-4541-90A2-5C3120BD010C}"
EndProject
Global
	GlobalSection(SolutionConfigurationPlatforms) = preSolution
		Debug|Any CPU = Debug|Any CPU
		Release|Any CPU = Release|Any CPU
	EndGlobalSection
	GlobalSection(ProjectConfigurationPlatforms) = postSolution
		{27FE62CA-44A0-4541-90A2-5C3120BD010C}.Debug|Any CPU.ActiveCfg = Debug|Any CPU
		{27FE62CA-44A0-4541-90A2-5C3120BD010C}.Debug|Any CPU.Build.0 = Debug|Any CPU
		{27FE62CA-44A0-4541-90A2-5C3120BD010C}.Release|Any CPU.ActiveCfg = Release|Any CPU
		{27FE62CA-44A0-4541-90A2-5C3120BD010C}.Release|Any CPU.Build.0 = Release|Any CPU
	EndGlobalSection
	GlobalSection(SolutionProperties) = preSolution
		HideSolutionNode = FALSE
	EndGlobalSection
EndGlobal
